
Microsoft Visual Studio Solution File, Format Version 12.00
# Visual Studio Version 17
VisualStudioVersion = 17.0.31903.59
MinimumVisualStudioVersion = 10.0.40219.1
Project("{8BC9CEB8-8B4A-11D0-8D11-00A0C91BC942}") = "Neo Steelgear Graphics Scene", "Neo Steelgear Graphics Scene\Neo Steelgear Graphics Scene.vcxproj", "{395AD937-7DD7-4111-BED9-31AAE08D1D48}"
EndProject
Global
	GlobalSection(SolutionConfigurationPlatforms) = preSolution
		Debug|x64 = Debug|x64
		Debug|x86 = Debug|x86
		Release|x64 = Release|x64
		Release|x86 = Release|x86
	EndGlobalSection
	GlobalSection(ProjectConfigurationPlatforms) = postSolution
		{395AD937-7DD7-4111-BED9-31AAE08D1D48}.Debug|x64.ActiveCfg = Debug|x64
		{395AD937-7DD7-4111-BED9-31AAE08D1D48}.Debug|x64.Build.0 = Debug|x64
		{395AD937-7DD7-4111-BED9-31AAE08D1D48}.Debug|x86.ActiveCfg = Debug|Win32
		{395AD937-7DD7-4111-BED9-31AAE08D1D48}.Debug|x86.Build.0 = Debug|Win32
		{395AD937-7DD7-4111-BED9-31AAE08D1D48}.Release|x64.ActiveCfg = Release|x64
		{395AD937-7DD7-4111-BED9-31AAE08D1D48}.Release|x64.Build.0 = Release|x64
		{395AD937-7DD7-4111-BED9-31AAE08D1D48}.Release|x86.ActiveCfg = Release|Win32
		{395AD937-7DD7-4111-BED9-31AAE08D1D48}.Release|x86.Build.0 = Release|Win32
	EndGlobalSection
	GlobalSection(SolutionProperties) = preSolution
		HideSolutionNode = FALSE
	EndGlobalSection
	GlobalSection(ExtensibilityGlobals) = postSolution
		SolutionGuid = {D7B3BFB7-6C1E-40D3-9C4D-C78B72C7B007}
	EndGlobalSection
EndGlobal
